// !$*UTF8*$!
{
	archiveVersion = 1;
	classes = {
	};
	objectVersion = 51;
	objects = {

/* Begin PBXBuildFile section */
		5748DB7D26F8E5BD00DCA26C /* LoginViewController.swift in Sources */ = {isa = PBXBuildFile; fileRef = 5748DB7C26F8E5BD00DCA26C /* LoginViewController.swift */; };
		5748DB7F26F8E5D100DCA26C /* RegisterViewController.swift in Sources */ = {isa = PBXBuildFile; fileRef = 5748DB7E26F8E5D100DCA26C /* RegisterViewController.swift */; };
		5748DB8126F8F28B00DCA26C /* Extensions.swift in Sources */ = {isa = PBXBuildFile; fileRef = 5748DB8026F8F28B00DCA26C /* Extensions.swift */; };
		5748DB8326F8F2B000DCA26C /* DataBaseManager.swift in Sources */ = {isa = PBXBuildFile; fileRef = 5748DB8226F8F2B000DCA26C /* DataBaseManager.swift */; };
		5748DB8526F8F3CC00DCA26C /* HomeViewController.swift in Sources */ = {isa = PBXBuildFile; fileRef = 5748DB8426F8F3CC00DCA26C /* HomeViewController.swift */; };
		5754A91026F8DB7C004E8580 /* AppDelegate.swift in Sources */ = {isa = PBXBuildFile; fileRef = 5754A90F26F8DB7C004E8580 /* AppDelegate.swift */; };
		5754A91226F8DB7C004E8580 /* SceneDelegate.swift in Sources */ = {isa = PBXBuildFile; fileRef = 5754A91126F8DB7C004E8580 /* SceneDelegate.swift */; };
		5754A91726F8DB7C004E8580 /* Main.storyboard in Resources */ = {isa = PBXBuildFile; fileRef = 5754A91526F8DB7C004E8580 /* Main.storyboard */; };
		5754A91926F8DB7E004E8580 /* Assets.xcassets in Resources */ = {isa = PBXBuildFile; fileRef = 5754A91826F8DB7E004E8580 /* Assets.xcassets */; };
		5754A91C26F8DB7E004E8580 /* LaunchScreen.storyboard in Resources */ = {isa = PBXBuildFile; fileRef = 5754A91A26F8DB7E004E8580 /* LaunchScreen.storyboard */; };
		5754A92E26F8E19A004E8580 /* GoogleService-Info.plist in Resources */ = {isa = PBXBuildFile; fileRef = 5754A92D26F8E19A004E8580 /* GoogleService-Info.plist */; };
		5781A23E26FB9D5100D7CF6E /* StorageManager.swift in Sources */ = {isa = PBXBuildFile; fileRef = 5781A23D26FB9D5100D7CF6E /* StorageManager.swift */; };
		578E45CA2700E05F00CF84F5 /* ConversationTableViewCell.swift in Sources */ = {isa = PBXBuildFile; fileRef = 578E45C92700E05F00CF84F5 /* ConversationTableViewCell.swift */; };
		57FC055E26FA9F5200D4364A /* ChatViewController.swift in Sources */ = {isa = PBXBuildFile; fileRef = 57FC055D26FA9F5200D4364A /* ChatViewController.swift */; };
		57FC056026FA9F6A00D4364A /* ConversationsViewController.swift in Sources */ = {isa = PBXBuildFile; fileRef = 57FC055F26FA9F6A00D4364A /* ConversationsViewController.swift */; };
		57FC056226FA9F8400D4364A /* NewConversationViewController.swift in Sources */ = {isa = PBXBuildFile; fileRef = 57FC056126FA9F8400D4364A /* NewConversationViewController.swift */; };
		5B59E4AA26FBF36A00B8642C /* POIAnnotationView.swift in Sources */ = {isa = PBXBuildFile; fileRef = 5B59E4A926FBF36A00B8642C /* POIAnnotationView.swift */; };
		5B59E4AE26FE351700B8642C /* POIMarkerAnnotationView.swift in Sources */ = {isa = PBXBuildFile; fileRef = 5B59E4AD26FE351700B8642C /* POIMarkerAnnotationView.swift */; };
		5B5BA85A26FA41FA00D2189A /* POI.swift in Sources */ = {isa = PBXBuildFile; fileRef = 5B5BA85926FA41FA00D2189A /* POI.swift */; };
		5B5BA85D26FA49D500D2189A /* MKPlacemark+Extension.swift in Sources */ = {isa = PBXBuildFile; fileRef = 5B5BA85C26FA49D500D2189A /* MKPlacemark+Extension.swift */; };
		5B8E6D9326F8E8D200A37699 /* Home.storyboard in Resources */ = {isa = PBXBuildFile; fileRef = 5B8E6D9226F8E8D200A37699 /* Home.storyboard */; };
		5B8EC05C26F8ED2400CE160D /* Game.storyboard in Resources */ = {isa = PBXBuildFile; fileRef = 5B8EC05A26F8ED2400CE160D /* Game.storyboard */; };
		5B8EC05F26F8EE0400CE160D /* Golfmap.storyboard in Resources */ = {isa = PBXBuildFile; fileRef = 5B8EC05D26F8EE0400CE160D /* Golfmap.storyboard */; };
		5B8EC06226F8EE6C00CE160D /* Messaging.storyboard in Resources */ = {isa = PBXBuildFile; fileRef = 5B8EC06026F8EE6C00CE160D /* Messaging.storyboard */; };
		5B8EC06426F8F45800CE160D /* MapViewController.swift in Sources */ = {isa = PBXBuildFile; fileRef = 5B8EC06326F8F45800CE160D /* MapViewController.swift */; };
		5BB6E9C2270220FF009D9D76 /* POIClusterAnnotationView.swift in Sources */ = {isa = PBXBuildFile; fileRef = 5BB6E9C1270220FF009D9D76 /* POIClusterAnnotationView.swift */; };
		76AD3C6326F8F083009DC073 /* ScoreBoard.swift in Sources */ = {isa = PBXBuildFile; fileRef = 76AD3C6226F8F083009DC073 /* ScoreBoard.swift */; };
		76AD3C6526F8F536009DC073 /* ScoreBoardViewController.swift in Sources */ = {isa = PBXBuildFile; fileRef = 76AD3C6426F8F536009DC073 /* ScoreBoardViewController.swift */; };
		76AD3C6826FA44F8009DC073 /* ScoreBoardController.swift in Sources */ = {isa = PBXBuildFile; fileRef = 76AD3C6726FA44F8009DC073 /* ScoreBoardController.swift */; };
		76AD3C6B26FA482E009DC073 /* GameSetupViewController.swift in Sources */ = {isa = PBXBuildFile; fileRef = 76AD3C6A26FA482E009DC073 /* GameSetupViewController.swift */; };
		C77B0D2D75955AA10FF298C2 /* Pods_UGolf.framework in Frameworks */ = {isa = PBXBuildFile; fileRef = 49AA85B241BF515AF11E63FF /* Pods_UGolf.framework */; };
/* End PBXBuildFile section */

/* Begin PBXFileReference section */
		49AA85B241BF515AF11E63FF /* Pods_UGolf.framework */ = {isa = PBXFileReference; explicitFileType = wrapper.framework; includeInIndex = 0; path = Pods_UGolf.framework; sourceTree = BUILT_PRODUCTS_DIR; };
		5748DB7C26F8E5BD00DCA26C /* LoginViewController.swift */ = {isa = PBXFileReference; lastKnownFileType = sourcecode.swift; path = LoginViewController.swift; sourceTree = "<group>"; };
		5748DB7E26F8E5D100DCA26C /* RegisterViewController.swift */ = {isa = PBXFileReference; lastKnownFileType = sourcecode.swift; path = RegisterViewController.swift; sourceTree = "<group>"; };
		5748DB8026F8F28B00DCA26C /* Extensions.swift */ = {isa = PBXFileReference; lastKnownFileType = sourcecode.swift; path = Extensions.swift; sourceTree = "<group>"; };
		5748DB8226F8F2B000DCA26C /* DataBaseManager.swift */ = {isa = PBXFileReference; lastKnownFileType = sourcecode.swift; path = DataBaseManager.swift; sourceTree = "<group>"; };
		5748DB8426F8F3CC00DCA26C /* HomeViewController.swift */ = {isa = PBXFileReference; lastKnownFileType = sourcecode.swift; path = HomeViewController.swift; sourceTree = "<group>"; };
		5754A90C26F8DB7C004E8580 /* UGolf.app */ = {isa = PBXFileReference; explicitFileType = wrapper.application; includeInIndex = 0; path = UGolf.app; sourceTree = BUILT_PRODUCTS_DIR; };
		5754A90F26F8DB7C004E8580 /* AppDelegate.swift */ = {isa = PBXFileReference; lastKnownFileType = sourcecode.swift; path = AppDelegate.swift; sourceTree = "<group>"; };
		5754A91126F8DB7C004E8580 /* SceneDelegate.swift */ = {isa = PBXFileReference; lastKnownFileType = sourcecode.swift; path = SceneDelegate.swift; sourceTree = "<group>"; };
		5754A91626F8DB7C004E8580 /* Base */ = {isa = PBXFileReference; lastKnownFileType = file.storyboard; name = Base; path = Base.lproj/Main.storyboard; sourceTree = "<group>"; };
		5754A91826F8DB7E004E8580 /* Assets.xcassets */ = {isa = PBXFileReference; lastKnownFileType = folder.assetcatalog; path = Assets.xcassets; sourceTree = "<group>"; };
		5754A91B26F8DB7E004E8580 /* Base */ = {isa = PBXFileReference; lastKnownFileType = file.storyboard; name = Base; path = Base.lproj/LaunchScreen.storyboard; sourceTree = "<group>"; };
		5754A91D26F8DB7E004E8580 /* Info.plist */ = {isa = PBXFileReference; lastKnownFileType = text.plist.xml; path = Info.plist; sourceTree = "<group>"; };
		5754A92D26F8E19A004E8580 /* GoogleService-Info.plist */ = {isa = PBXFileReference; fileEncoding = 4; lastKnownFileType = text.plist.xml; path = "GoogleService-Info.plist"; sourceTree = "<group>"; };
		5781A23D26FB9D5100D7CF6E /* StorageManager.swift */ = {isa = PBXFileReference; lastKnownFileType = sourcecode.swift; path = StorageManager.swift; sourceTree = "<group>"; };
		578E45C92700E05F00CF84F5 /* ConversationTableViewCell.swift */ = {isa = PBXFileReference; lastKnownFileType = sourcecode.swift; path = ConversationTableViewCell.swift; sourceTree = "<group>"; };
		57FC055D26FA9F5200D4364A /* ChatViewController.swift */ = {isa = PBXFileReference; lastKnownFileType = sourcecode.swift; path = ChatViewController.swift; sourceTree = "<group>"; };
		57FC055F26FA9F6A00D4364A /* ConversationsViewController.swift */ = {isa = PBXFileReference; lastKnownFileType = sourcecode.swift; path = ConversationsViewController.swift; sourceTree = "<group>"; };
		57FC056126FA9F8400D4364A /* NewConversationViewController.swift */ = {isa = PBXFileReference; lastKnownFileType = sourcecode.swift; path = NewConversationViewController.swift; sourceTree = "<group>"; };
		5B59E4A926FBF36A00B8642C /* POIAnnotationView.swift */ = {isa = PBXFileReference; lastKnownFileType = sourcecode.swift; path = POIAnnotationView.swift; sourceTree = "<group>"; };
		5B59E4AD26FE351700B8642C /* POIMarkerAnnotationView.swift */ = {isa = PBXFileReference; lastKnownFileType = sourcecode.swift; path = POIMarkerAnnotationView.swift; sourceTree = "<group>"; };
		5B5BA85926FA41FA00D2189A /* POI.swift */ = {isa = PBXFileReference; lastKnownFileType = sourcecode.swift; path = POI.swift; sourceTree = "<group>"; };
		5B5BA85C26FA49D500D2189A /* MKPlacemark+Extension.swift */ = {isa = PBXFileReference; lastKnownFileType = sourcecode.swift; path = "MKPlacemark+Extension.swift"; sourceTree = "<group>"; };
		5B8E6D9226F8E8D200A37699 /* Home.storyboard */ = {isa = PBXFileReference; fileEncoding = 4; lastKnownFileType = file.storyboard; path = Home.storyboard; sourceTree = "<group>"; };
		5B8EC05B26F8ED2400CE160D /* Base */ = {isa = PBXFileReference; lastKnownFileType = file.storyboard; name = Base; path = Views/StoryBoards/Base.lproj/Game.storyboard; sourceTree = "<group>"; };
		5B8EC05E26F8EE0400CE160D /* Base */ = {isa = PBXFileReference; lastKnownFileType = file.storyboard; name = Base; path = Views/StoryBoards/Base.lproj/Golfmap.storyboard; sourceTree = "<group>"; };
		5B8EC06126F8EE6C00CE160D /* Base */ = {isa = PBXFileReference; lastKnownFileType = file.storyboard; name = Base; path = Views/StoryBoards/Base.lproj/Messaging.storyboard; sourceTree = "<group>"; };
		5B8EC06326F8F45800CE160D /* MapViewController.swift */ = {isa = PBXFileReference; lastKnownFileType = sourcecode.swift; name = MapViewController.swift; path = "UGolf/Controllers/View Controllers/MapViewController.swift"; sourceTree = SOURCE_ROOT; };
		5BB6E9C1270220FF009D9D76 /* POIClusterAnnotationView.swift */ = {isa = PBXFileReference; lastKnownFileType = sourcecode.swift; path = POIClusterAnnotationView.swift; sourceTree = "<group>"; };
		76AD3C6226F8F083009DC073 /* ScoreBoard.swift */ = {isa = PBXFileReference; lastKnownFileType = sourcecode.swift; path = ScoreBoard.swift; sourceTree = "<group>"; };
		76AD3C6426F8F536009DC073 /* ScoreBoardViewController.swift */ = {isa = PBXFileReference; lastKnownFileType = sourcecode.swift; path = ScoreBoardViewController.swift; sourceTree = "<group>"; };
		76AD3C6726FA44F8009DC073 /* ScoreBoardController.swift */ = {isa = PBXFileReference; lastKnownFileType = sourcecode.swift; path = ScoreBoardController.swift; sourceTree = "<group>"; };
		76AD3C6A26FA482E009DC073 /* GameSetupViewController.swift */ = {isa = PBXFileReference; lastKnownFileType = sourcecode.swift; path = GameSetupViewController.swift; sourceTree = "<group>"; };
		A638CCB55B7135B93FDD28BF /* Pods-UGolf.release.xcconfig */ = {isa = PBXFileReference; includeInIndex = 1; lastKnownFileType = text.xcconfig; name = "Pods-UGolf.release.xcconfig"; path = "Target Support Files/Pods-UGolf/Pods-UGolf.release.xcconfig"; sourceTree = "<group>"; };
		CBE0070D60D03AA1963B0FC4 /* Pods-UGolf.debug.xcconfig */ = {isa = PBXFileReference; includeInIndex = 1; lastKnownFileType = text.xcconfig; name = "Pods-UGolf.debug.xcconfig"; path = "Target Support Files/Pods-UGolf/Pods-UGolf.debug.xcconfig"; sourceTree = "<group>"; };
/* End PBXFileReference section */

/* Begin PBXFrameworksBuildPhase section */
		5754A90926F8DB7C004E8580 /* Frameworks */ = {
			isa = PBXFrameworksBuildPhase;
			buildActionMask = 2147483647;
			files = (
				C77B0D2D75955AA10FF298C2 /* Pods_UGolf.framework in Frameworks */,
			);
			runOnlyForDeploymentPostprocessing = 0;
		};
/* End PBXFrameworksBuildPhase section */

/* Begin PBXGroup section */
		5754A90326F8DB7C004E8580 = {
			isa = PBXGroup;
			children = (
				5754A90E26F8DB7C004E8580 /* UGolf */,
				5754A90D26F8DB7C004E8580 /* Products */,
				C8341DB99F49E441265EACED /* Pods */,
				DEBAD48A4F8098F016577BC9 /* Frameworks */,
			);
			sourceTree = "<group>";
		};
		5754A90D26F8DB7C004E8580 /* Products */ = {
			isa = PBXGroup;
			children = (
				5754A90C26F8DB7C004E8580 /* UGolf.app */,
			);
			name = Products;
			sourceTree = "<group>";
		};
		5754A90E26F8DB7C004E8580 /* UGolf */ = {
			isa = PBXGroup;
			children = (
				5B5BA85B26FA49B700D2189A /* Extensions */,
				76AD3C6126F8F05E009DC073 /* Models */,
				5754A92D26F8E19A004E8580 /* GoogleService-Info.plist */,
				5754A92426F8DF6A004E8580 /* Controllers */,
				5754A92826F8DFFF004E8580 /* Views */,
				5754A92726F8DFDE004E8580 /* Resources */,
				5754A91D26F8DB7E004E8580 /* Info.plist */,
			);
			path = UGolf;
			sourceTree = "<group>";
		};
		5754A92426F8DF6A004E8580 /* Controllers */ = {
			isa = PBXGroup;
			children = (
				76AD3C6626FA44B8009DC073 /* Model Controllers */,
				5754A92526F8DF79004E8580 /* View Controllers */,
			);
			path = Controllers;
			sourceTree = "<group>";
		};
		5754A92526F8DF79004E8580 /* View Controllers */ = {
			isa = PBXGroup;
			children = (
				76AD3C6926FA47EC009DC073 /* GameViewControllers */,
				5754A92626F8DF90004E8580 /* LoginViewControllers */,
				57FC055C26FA9F0E00D4364A /* ChatViewController */,
				5748DB8426F8F3CC00DCA26C /* HomeViewController.swift */,
				5B8EC06326F8F45800CE160D /* MapViewController.swift */,
			);
			path = "View Controllers";
			sourceTree = "<group>";
		};
		5754A92626F8DF90004E8580 /* LoginViewControllers */ = {
			isa = PBXGroup;
			children = (
				5748DB7C26F8E5BD00DCA26C /* LoginViewController.swift */,
				5748DB7E26F8E5D100DCA26C /* RegisterViewController.swift */,
			);
			path = LoginViewControllers;
			sourceTree = "<group>";
		};
		5754A92726F8DFDE004E8580 /* Resources */ = {
			isa = PBXGroup;
			children = (
				5754A90F26F8DB7C004E8580 /* AppDelegate.swift */,
				5754A91126F8DB7C004E8580 /* SceneDelegate.swift */,
				5754A91826F8DB7E004E8580 /* Assets.xcassets */,
				5748DB8026F8F28B00DCA26C /* Extensions.swift */,
				5748DB8226F8F2B000DCA26C /* DataBaseManager.swift */,
				5781A23D26FB9D5100D7CF6E /* StorageManager.swift */,
			);
			path = Resources;
			sourceTree = "<group>";
		};
		5754A92826F8DFFF004E8580 /* Views */ = {
			isa = PBXGroup;
			children = (
				578E45C82700E04200CF84F5 /* ChatCustomCells */,
				5754A92C26F8E020004E8580 /* StoryBoards */,
			);
			path = Views;
			sourceTree = "<group>";
		};
		5754A92C26F8E020004E8580 /* StoryBoards */ = {
			isa = PBXGroup;
			children = (
				5754A91526F8DB7C004E8580 /* Main.storyboard */,
				5B8E6D9226F8E8D200A37699 /* Home.storyboard */,
				5B8EC05A26F8ED2400CE160D /* Game.storyboard */,
				5B8EC05D26F8EE0400CE160D /* Golfmap.storyboard */,
				5B8EC06026F8EE6C00CE160D /* Messaging.storyboard */,
				5754A91A26F8DB7E004E8580 /* LaunchScreen.storyboard */,
			);
			path = StoryBoards;
			sourceTree = "<group>";
		};
		578E45C82700E04200CF84F5 /* ChatCustomCells */ = {
			isa = PBXGroup;
			children = (
				578E45C92700E05F00CF84F5 /* ConversationTableViewCell.swift */,
			);
			path = ChatCustomCells;
			sourceTree = "<group>";
		};
		57FC055C26FA9F0E00D4364A /* ChatViewController */ = {
			isa = PBXGroup;
			children = (
				57FC055F26FA9F6A00D4364A /* ConversationsViewController.swift */,
				57FC055D26FA9F5200D4364A /* ChatViewController.swift */,
				57FC056126FA9F8400D4364A /* NewConversationViewController.swift */,
			);
			path = ChatViewController;
			sourceTree = "<group>";
		};
		5B5BA85B26FA49B700D2189A /* Extensions */ = {
			isa = PBXGroup;
			children = (
				5B5BA85C26FA49D500D2189A /* MKPlacemark+Extension.swift */,
			);
			path = Extensions;
			sourceTree = "<group>";
		};
		76AD3C6126F8F05E009DC073 /* Models */ = {
			isa = PBXGroup;
			children = (
				76AD3C6226F8F083009DC073 /* ScoreBoard.swift */,
				5B5BA85926FA41FA00D2189A /* POI.swift */,
				5B59E4A926FBF36A00B8642C /* POIAnnotationView.swift */,
				5B59E4AD26FE351700B8642C /* POIMarkerAnnotationView.swift */,
				5BB6E9C1270220FF009D9D76 /* POIClusterAnnotationView.swift */,
			);
			path = Models;
			sourceTree = "<group>";
		};
		76AD3C6626FA44B8009DC073 /* Model Controllers */ = {
			isa = PBXGroup;
			children = (
				76AD3C6726FA44F8009DC073 /* ScoreBoardController.swift */,
			);
			path = "Model Controllers";
			sourceTree = "<group>";
		};
		76AD3C6926FA47EC009DC073 /* GameViewControllers */ = {
			isa = PBXGroup;
			children = (
				76AD3C6426F8F536009DC073 /* ScoreBoardViewController.swift */,
				76AD3C6A26FA482E009DC073 /* GameSetupViewController.swift */,
			);
			path = GameViewControllers;
			sourceTree = "<group>";
		};
		C8341DB99F49E441265EACED /* Pods */ = {
			isa = PBXGroup;
			children = (
				CBE0070D60D03AA1963B0FC4 /* Pods-UGolf.debug.xcconfig */,
				A638CCB55B7135B93FDD28BF /* Pods-UGolf.release.xcconfig */,
			);
			path = Pods;
			sourceTree = "<group>";
		};
		DEBAD48A4F8098F016577BC9 /* Frameworks */ = {
			isa = PBXGroup;
			children = (
				49AA85B241BF515AF11E63FF /* Pods_UGolf.framework */,
			);
			name = Frameworks;
			sourceTree = "<group>";
		};
/* End PBXGroup section */

/* Begin PBXNativeTarget section */
		5754A90B26F8DB7C004E8580 /* UGolf */ = {
			isa = PBXNativeTarget;
			buildConfigurationList = 5754A92026F8DB7E004E8580 /* Build configuration list for PBXNativeTarget "UGolf" */;
			buildPhases = (
				FC708D6454E09A1396B5E16D /* [CP] Check Pods Manifest.lock */,
				5754A90826F8DB7C004E8580 /* Sources */,
				5754A90926F8DB7C004E8580 /* Frameworks */,
				5754A90A26F8DB7C004E8580 /* Resources */,
				40C6A049359D4A62EC60D924 /* [CP] Embed Pods Frameworks */,
			);
			buildRules = (
			);
			dependencies = (
			);
			name = UGolf;
			productName = UGolf;
			productReference = 5754A90C26F8DB7C004E8580 /* UGolf.app */;
			productType = "com.apple.product-type.application";
		};
/* End PBXNativeTarget section */

/* Begin PBXProject section */
		5754A90426F8DB7C004E8580 /* Project object */ = {
			isa = PBXProject;
			attributes = {
				LastSwiftUpdateCheck = 1250;
				LastUpgradeCheck = 1250;
				TargetAttributes = {
					5754A90B26F8DB7C004E8580 = {
						CreatedOnToolsVersion = 12.5.1;
					};
				};
			};
			buildConfigurationList = 5754A90726F8DB7C004E8580 /* Build configuration list for PBXProject "UGolf" */;
			compatibilityVersion = "Xcode 9.3";
			developmentRegion = en;
			hasScannedForEncodings = 0;
			knownRegions = (
				en,
				Base,
			);
			mainGroup = 5754A90326F8DB7C004E8580;
			productRefGroup = 5754A90D26F8DB7C004E8580 /* Products */;
			projectDirPath = "";
			projectRoot = "";
			targets = (
				5754A90B26F8DB7C004E8580 /* UGolf */,
			);
		};
/* End PBXProject section */

/* Begin PBXResourcesBuildPhase section */
		5754A90A26F8DB7C004E8580 /* Resources */ = {
			isa = PBXResourcesBuildPhase;
			buildActionMask = 2147483647;
			files = (
				5B8EC05C26F8ED2400CE160D /* Game.storyboard in Resources */,
				5B8EC06226F8EE6C00CE160D /* Messaging.storyboard in Resources */,
				5754A92E26F8E19A004E8580 /* GoogleService-Info.plist in Resources */,
				5B8E6D9326F8E8D200A37699 /* Home.storyboard in Resources */,
				5754A91C26F8DB7E004E8580 /* LaunchScreen.storyboard in Resources */,
				5754A91926F8DB7E004E8580 /* Assets.xcassets in Resources */,
				5754A91726F8DB7C004E8580 /* Main.storyboard in Resources */,
				5B8EC05F26F8EE0400CE160D /* Golfmap.storyboard in Resources */,
			);
			runOnlyForDeploymentPostprocessing = 0;
		};
/* End PBXResourcesBuildPhase section */

/* Begin PBXShellScriptBuildPhase section */
		40C6A049359D4A62EC60D924 /* [CP] Embed Pods Frameworks */ = {
			isa = PBXShellScriptBuildPhase;
			buildActionMask = 2147483647;
			files = (
			);
			inputFileListPaths = (
				"${PODS_ROOT}/Target Support Files/Pods-UGolf/Pods-UGolf-frameworks-${CONFIGURATION}-input-files.xcfilelist",
			);
			name = "[CP] Embed Pods Frameworks";
			outputFileListPaths = (
				"${PODS_ROOT}/Target Support Files/Pods-UGolf/Pods-UGolf-frameworks-${CONFIGURATION}-output-files.xcfilelist",
			);
			runOnlyForDeploymentPostprocessing = 0;
			shellPath = /bin/sh;
			shellScript = "\"${PODS_ROOT}/Target Support Files/Pods-UGolf/Pods-UGolf-frameworks.sh\"\n";
			showEnvVarsInLog = 0;
		};
		FC708D6454E09A1396B5E16D /* [CP] Check Pods Manifest.lock */ = {
			isa = PBXShellScriptBuildPhase;
			buildActionMask = 2147483647;
			files = (
			);
			inputFileListPaths = (
			);
			inputPaths = (
				"${PODS_PODFILE_DIR_PATH}/Podfile.lock",
				"${PODS_ROOT}/Manifest.lock",
			);
			name = "[CP] Check Pods Manifest.lock";
			outputFileListPaths = (
			);
			outputPaths = (
				"$(DERIVED_FILE_DIR)/Pods-UGolf-checkManifestLockResult.txt",
			);
			runOnlyForDeploymentPostprocessing = 0;
			shellPath = /bin/sh;
			shellScript = "diff \"${PODS_PODFILE_DIR_PATH}/Podfile.lock\" \"${PODS_ROOT}/Manifest.lock\" > /dev/null\nif [ $? != 0 ] ; then\n    # print error to STDERR\n    echo \"error: The sandbox is not in sync with the Podfile.lock. Run 'pod install' or update your CocoaPods installation.\" >&2\n    exit 1\nfi\n# This output is used by Xcode 'outputs' to avoid re-running this script phase.\necho \"SUCCESS\" > \"${SCRIPT_OUTPUT_FILE_0}\"\n";
			showEnvVarsInLog = 0;
		};
/* End PBXShellScriptBuildPhase section */

/* Begin PBXSourcesBuildPhase section */
		5754A90826F8DB7C004E8580 /* Sources */ = {
			isa = PBXSourcesBuildPhase;
			buildActionMask = 2147483647;
			files = (
				5B8EC06426F8F45800CE160D /* MapViewController.swift in Sources */,
				5748DB8126F8F28B00DCA26C /* Extensions.swift in Sources */,
				5B5BA85A26FA41FA00D2189A /* POI.swift in Sources */,
				57FC056226FA9F8400D4364A /* NewConversationViewController.swift in Sources */,
				5748DB7F26F8E5D100DCA26C /* RegisterViewController.swift in Sources */,
				5754A91026F8DB7C004E8580 /* AppDelegate.swift in Sources */,
				76AD3C6326F8F083009DC073 /* ScoreBoard.swift in Sources */,
				5B5BA85D26FA49D500D2189A /* MKPlacemark+Extension.swift in Sources */,
				5748DB7D26F8E5BD00DCA26C /* LoginViewController.swift in Sources */,
				76AD3C6826FA44F8009DC073 /* ScoreBoardController.swift in Sources */,
				76AD3C6526F8F536009DC073 /* ScoreBoardViewController.swift in Sources */,
				5B59E4AA26FBF36A00B8642C /* POIAnnotationView.swift in Sources */,
				5BB6E9C2270220FF009D9D76 /* POIClusterAnnotationView.swift in Sources */,
				5B59E4AE26FE351700B8642C /* POIMarkerAnnotationView.swift in Sources */,
				57FC056026FA9F6A00D4364A /* ConversationsViewController.swift in Sources */,
				57FC055E26FA9F5200D4364A /* ChatViewController.swift in Sources */,
				5748DB8326F8F2B000DCA26C /* DataBaseManager.swift in Sources */,
				578E45CA2700E05F00CF84F5 /* ConversationTableViewCell.swift in Sources */,
				5748DB8526F8F3CC00DCA26C /* HomeViewController.swift in Sources */,
				76AD3C6B26FA482E009DC073 /* GameSetupViewController.swift in Sources */,
				5754A91226F8DB7C004E8580 /* SceneDelegate.swift in Sources */,
				5781A23E26FB9D5100D7CF6E /* StorageManager.swift in Sources */,
			);
			runOnlyForDeploymentPostprocessing = 0;
		};
/* End PBXSourcesBuildPhase section */

/* Begin PBXVariantGroup section */
		5754A91526F8DB7C004E8580 /* Main.storyboard */ = {
			isa = PBXVariantGroup;
			children = (
				5754A91626F8DB7C004E8580 /* Base */,
			);
			name = Main.storyboard;
			sourceTree = "<group>";
		};
		5754A91A26F8DB7E004E8580 /* LaunchScreen.storyboard */ = {
			isa = PBXVariantGroup;
			children = (
				5754A91B26F8DB7E004E8580 /* Base */,
			);
			name = LaunchScreen.storyboard;
			sourceTree = "<group>";
		};
		5B8EC05A26F8ED2400CE160D /* Game.storyboard */ = {
			isa = PBXVariantGroup;
			children = (
				5B8EC05B26F8ED2400CE160D /* Base */,
			);
			name = Game.storyboard;
			sourceTree = "<group>";
		};
		5B8EC05D26F8EE0400CE160D /* Golfmap.storyboard */ = {
			isa = PBXVariantGroup;
			children = (
				5B8EC05E26F8EE0400CE160D /* Base */,
			);
			name = Golfmap.storyboard;
			sourceTree = "<group>";
		};
		5B8EC06026F8EE6C00CE160D /* Messaging.storyboard */ = {
			isa = PBXVariantGroup;
			children = (
				5B8EC06126F8EE6C00CE160D /* Base */,
			);
			name = Messaging.storyboard;
			sourceTree = "<group>";
		};
/* End PBXVariantGroup section */

/* Begin XCBuildConfiguration section */
		5754A91E26F8DB7E004E8580 /* Debug */ = {
			isa = XCBuildConfiguration;
			buildSettings = {
				ALWAYS_SEARCH_USER_PATHS = NO;
				CLANG_ANALYZER_NONNULL = YES;
				CLANG_ANALYZER_NUMBER_OBJECT_CONVERSION = YES_AGGRESSIVE;
				CLANG_CXX_LANGUAGE_STANDARD = "gnu++14";
				CLANG_CXX_LIBRARY = "libc++";
				CLANG_ENABLE_MODULES = YES;
				CLANG_ENABLE_OBJC_ARC = YES;
				CLANG_ENABLE_OBJC_WEAK = YES;
				CLANG_WARN_BLOCK_CAPTURE_AUTORELEASING = YES;
				CLANG_WARN_BOOL_CONVERSION = YES;
				CLANG_WARN_COMMA = YES;
				CLANG_WARN_CONSTANT_CONVERSION = YES;
				CLANG_WARN_DEPRECATED_OBJC_IMPLEMENTATIONS = YES;
				CLANG_WARN_DIRECT_OBJC_ISA_USAGE = YES_ERROR;
				CLANG_WARN_DOCUMENTATION_COMMENTS = YES;
				CLANG_WARN_EMPTY_BODY = YES;
				CLANG_WARN_ENUM_CONVERSION = YES;
				CLANG_WARN_INFINITE_RECURSION = YES;
				CLANG_WARN_INT_CONVERSION = YES;
				CLANG_WARN_NON_LITERAL_NULL_CONVERSION = YES;
				CLANG_WARN_OBJC_IMPLICIT_RETAIN_SELF = YES;
				CLANG_WARN_OBJC_LITERAL_CONVERSION = YES;
				CLANG_WARN_OBJC_ROOT_CLASS = YES_ERROR;
				CLANG_WARN_QUOTED_INCLUDE_IN_FRAMEWORK_HEADER = YES;
				CLANG_WARN_RANGE_LOOP_ANALYSIS = YES;
				CLANG_WARN_STRICT_PROTOTYPES = YES;
				CLANG_WARN_SUSPICIOUS_MOVE = YES;
				CLANG_WARN_UNGUARDED_AVAILABILITY = YES_AGGRESSIVE;
				CLANG_WARN_UNREACHABLE_CODE = YES;
				CLANG_WARN__DUPLICATE_METHOD_MATCH = YES;
				COPY_PHASE_STRIP = NO;
				DEBUG_INFORMATION_FORMAT = dwarf;
				ENABLE_STRICT_OBJC_MSGSEND = YES;
				ENABLE_TESTABILITY = YES;
				GCC_C_LANGUAGE_STANDARD = gnu11;
				GCC_DYNAMIC_NO_PIC = NO;
				GCC_NO_COMMON_BLOCKS = YES;
				GCC_OPTIMIZATION_LEVEL = 0;
				GCC_PREPROCESSOR_DEFINITIONS = (
					"DEBUG=1",
					"$(inherited)",
				);
				GCC_WARN_64_TO_32_BIT_CONVERSION = YES;
				GCC_WARN_ABOUT_RETURN_TYPE = YES_ERROR;
				GCC_WARN_UNDECLARED_SELECTOR = YES;
				GCC_WARN_UNINITIALIZED_AUTOS = YES_AGGRESSIVE;
				GCC_WARN_UNUSED_FUNCTION = YES;
				GCC_WARN_UNUSED_VARIABLE = YES;
				IPHONEOS_DEPLOYMENT_TARGET = 14.5;
				MTL_ENABLE_DEBUG_INFO = INCLUDE_SOURCE;
				MTL_FAST_MATH = YES;
				ONLY_ACTIVE_ARCH = YES;
				SDKROOT = iphoneos;
				SWIFT_ACTIVE_COMPILATION_CONDITIONS = DEBUG;
				SWIFT_OPTIMIZATION_LEVEL = "-Onone";
			};
			name = Debug;
		};
		5754A91F26F8DB7E004E8580 /* Release */ = {
			isa = XCBuildConfiguration;
			buildSettings = {
				ALWAYS_SEARCH_USER_PATHS = NO;
				CLANG_ANALYZER_NONNULL = YES;
				CLANG_ANALYZER_NUMBER_OBJECT_CONVERSION = YES_AGGRESSIVE;
				CLANG_CXX_LANGUAGE_STANDARD = "gnu++14";
				CLANG_CXX_LIBRARY = "libc++";
				CLANG_ENABLE_MODULES = YES;
				CLANG_ENABLE_OBJC_ARC = YES;
				CLANG_ENABLE_OBJC_WEAK = YES;
				CLANG_WARN_BLOCK_CAPTURE_AUTORELEASING = YES;
				CLANG_WARN_BOOL_CONVERSION = YES;
				CLANG_WARN_COMMA = YES;
				CLANG_WARN_CONSTANT_CONVERSION = YES;
				CLANG_WARN_DEPRECATED_OBJC_IMPLEMENTATIONS = YES;
				CLANG_WARN_DIRECT_OBJC_ISA_USAGE = YES_ERROR;
				CLANG_WARN_DOCUMENTATION_COMMENTS = YES;
				CLANG_WARN_EMPTY_BODY = YES;
				CLANG_WARN_ENUM_CONVERSION = YES;
				CLANG_WARN_INFINITE_RECURSION = YES;
				CLANG_WARN_INT_CONVERSION = YES;
				CLANG_WARN_NON_LITERAL_NULL_CONVERSION = YES;
				CLANG_WARN_OBJC_IMPLICIT_RETAIN_SELF = YES;
				CLANG_WARN_OBJC_LITERAL_CONVERSION = YES;
				CLANG_WARN_OBJC_ROOT_CLASS = YES_ERROR;
				CLANG_WARN_QUOTED_INCLUDE_IN_FRAMEWORK_HEADER = YES;
				CLANG_WARN_RANGE_LOOP_ANALYSIS = YES;
				CLANG_WARN_STRICT_PROTOTYPES = YES;
				CLANG_WARN_SUSPICIOUS_MOVE = YES;
				CLANG_WARN_UNGUARDED_AVAILABILITY = YES_AGGRESSIVE;
				CLANG_WARN_UNREACHABLE_CODE = YES;
				CLANG_WARN__DUPLICATE_METHOD_MATCH = YES;
				COPY_PHASE_STRIP = NO;
				DEBUG_INFORMATION_FORMAT = "dwarf-with-dsym";
				ENABLE_NS_ASSERTIONS = NO;
				ENABLE_STRICT_OBJC_MSGSEND = YES;
				GCC_C_LANGUAGE_STANDARD = gnu11;
				GCC_NO_COMMON_BLOCKS = YES;
				GCC_WARN_64_TO_32_BIT_CONVERSION = YES;
				GCC_WARN_ABOUT_RETURN_TYPE = YES_ERROR;
				GCC_WARN_UNDECLARED_SELECTOR = YES;
				GCC_WARN_UNINITIALIZED_AUTOS = YES_AGGRESSIVE;
				GCC_WARN_UNUSED_FUNCTION = YES;
				GCC_WARN_UNUSED_VARIABLE = YES;
				IPHONEOS_DEPLOYMENT_TARGET = 14.5;
				MTL_ENABLE_DEBUG_INFO = NO;
				MTL_FAST_MATH = YES;
				SDKROOT = iphoneos;
				SWIFT_COMPILATION_MODE = wholemodule;
				SWIFT_OPTIMIZATION_LEVEL = "-O";
				VALIDATE_PRODUCT = YES;
			};
			name = Release;
		};
		5754A92126F8DB7E004E8580 /* Debug */ = {
			isa = XCBuildConfiguration;
			baseConfigurationReference = CBE0070D60D03AA1963B0FC4 /* Pods-UGolf.debug.xcconfig */;
			buildSettings = {
				ASSETCATALOG_COMPILER_APPICON_NAME = AppIcon;
				ASSETCATALOG_COMPILER_GLOBAL_ACCENT_COLOR_NAME = AccentColor;
				CODE_SIGN_STYLE = Automatic;
				DEVELOPMENT_TEAM = D5YK8XAHMK;
				INFOPLIST_FILE = UGolf/Info.plist;
				LD_RUNPATH_SEARCH_PATHS = (
					"$(inherited)",
					"@executable_path/Frameworks",
				);
				PRODUCT_BUNDLE_IDENTIFIER = com.ChandlerCreates.UGolf;
				PRODUCT_NAME = "$(TARGET_NAME)";
				SWIFT_VERSION = 5.0;
				TARGETED_DEVICE_FAMILY = "1,2";
			};
			name = Debug;
		};
		5754A92226F8DB7E004E8580 /* Release */ = {
			isa = XCBuildConfiguration;
			baseConfigurationReference = A638CCB55B7135B93FDD28BF /* Pods-UGolf.release.xcconfig */;
			buildSettings = {
				ASSETCATALOG_COMPILER_APPICON_NAME = AppIcon;
				ASSETCATALOG_COMPILER_GLOBAL_ACCENT_COLOR_NAME = AccentColor;
				CODE_SIGN_STYLE = Automatic;
				DEVELOPMENT_TEAM = D5YK8XAHMK;
				INFOPLIST_FILE = UGolf/Info.plist;
				LD_RUNPATH_SEARCH_PATHS = (
					"$(inherited)",
					"@executable_path/Frameworks",
				);
				PRODUCT_BUNDLE_IDENTIFIER = com.ChandlerCreates.UGolf;
				PRODUCT_NAME = "$(TARGET_NAME)";
				SWIFT_VERSION = 5.0;
				TARGETED_DEVICE_FAMILY = "1,2";
			};
			name = Release;
		};
/* End XCBuildConfiguration section */

/* Begin XCConfigurationList section */
		5754A90726F8DB7C004E8580 /* Build configuration list for PBXProject "UGolf" */ = {
			isa = XCConfigurationList;
			buildConfigurations = (
				5754A91E26F8DB7E004E8580 /* Debug */,
				5754A91F26F8DB7E004E8580 /* Release */,
			);
			defaultConfigurationIsVisible = 0;
			defaultConfigurationName = Release;
		};
		5754A92026F8DB7E004E8580 /* Build configuration list for PBXNativeTarget "UGolf" */ = {
			isa = XCConfigurationList;
			buildConfigurations = (
				5754A92126F8DB7E004E8580 /* Debug */,
				5754A92226F8DB7E004E8580 /* Release */,
			);
			defaultConfigurationIsVisible = 0;
			defaultConfigurationName = Release;
		};
/* End XCConfigurationList section */
	};
	rootObject = 5754A90426F8DB7C004E8580 /* Project object */;
}
